
Microsoft Visual Studio Solution File, Format Version 12.00
# Visual Studio 15
VisualStudioVersion = 15.0.28307.489
MinimumVisualStudioVersion = 10.0.40219.1
Project("{FAE04EC0-301F-11D3-BF4B-00C04F79EFBC}") = "MomentOfIntertia", "MomentOfIntertia\MomentOfIntertia.csproj", "{10A04CA7-F6F8-4634-8A79-E8A890328F12}"
EndProject
Global
	GlobalSection(SolutionConfigurationPlatforms) = preSolution
		Debug|Any CPU = Debug|Any CPU
		Release|Any CPU = Release|Any CPU
	EndGlobalSection
	GlobalSection(ProjectConfigurationPlatforms) = postSolution
		{10A04CA7-F6F8-4634-8A79-E8A890328F12}.Debug|Any CPU.ActiveCfg = Debug|Any CPU
		{10A04CA7-F6F8-4634-8A79-E8A890328F12}.Debug|Any CPU.Build.0 = Debug|Any CPU
		{10A04CA7-F6F8-4634-8A79-E8A890328F12}.Release|Any CPU.ActiveCfg = Release|Any CPU
		{10A04CA7-F6F8-4634-8A79-E8A890328F12}.Release|Any CPU.Build.0 = Release|Any CPU
	EndGlobalSection
	GlobalSection(SolutionProperties) = preSolution
		HideSolutionNode = FALSE
	EndGlobalSection
	GlobalSection(ExtensibilityGlobals) = postSolution
		SolutionGuid = {026099B6-E7B4-45CA-B1BE-F7DBA77B5233}
	EndGlobalSection
EndGlobal
